// !$*UTF8*$!
{
	archiveVersion = 1;
	classes = {
	};
	objectVersion = 55;
	objects = {

/* Begin PBXBuildFile section */
		E049561E27FB19FF00EBA7BC /* SeeTaskViewController.swift in Sources */ = {isa = PBXBuildFile; fileRef = E049561D27FB19FF00EBA7BC /* SeeTaskViewController.swift */; };
		E049562127FB2D4600EBA7BC /* SubTaskCollectionViewCell.swift in Sources */ = {isa = PBXBuildFile; fileRef = E049562027FB2D4600EBA7BC /* SubTaskCollectionViewCell.swift */; };
		E04A74DE27F73B9C00CEF9C6 /* AppDelegate.swift in Sources */ = {isa = PBXBuildFile; fileRef = E04A74DD27F73B9C00CEF9C6 /* AppDelegate.swift */; };
		E04A74E027F73B9C00CEF9C6 /* SceneDelegate.swift in Sources */ = {isa = PBXBuildFile; fileRef = E04A74DF27F73B9C00CEF9C6 /* SceneDelegate.swift */; };
		E04A74E227F73B9C00CEF9C6 /* ViewController.swift in Sources */ = {isa = PBXBuildFile; fileRef = E04A74E127F73B9C00CEF9C6 /* ViewController.swift */; };
		E04A74E527F73B9C00CEF9C6 /* Main.storyboard in Resources */ = {isa = PBXBuildFile; fileRef = E04A74E327F73B9C00CEF9C6 /* Main.storyboard */; };
		E04A74E727F73BAE00CEF9C6 /* Assets.xcassets in Resources */ = {isa = PBXBuildFile; fileRef = E04A74E627F73BAE00CEF9C6 /* Assets.xcassets */; };
		E04A74EA27F73BAE00CEF9C6 /* LaunchScreen.storyboard in Resources */ = {isa = PBXBuildFile; fileRef = E04A74E827F73BAE00CEF9C6 /* LaunchScreen.storyboard */; };
		E04A74F527F73CA600CEF9C6 /* HomeViewController.swift in Sources */ = {isa = PBXBuildFile; fileRef = E04A74F427F73CA600CEF9C6 /* HomeViewController.swift */; };
		E04A74F827F7409C00CEF9C6 /* NavigationController.swift in Sources */ = {isa = PBXBuildFile; fileRef = E04A74F727F7409C00CEF9C6 /* NavigationController.swift */; };
		E0AC6D0627FC6D4500AC6764 /* ModalAddTaskViewController.swift in Sources */ = {isa = PBXBuildFile; fileRef = E0AC6D0527FC6D4500AC6764 /* ModalAddTaskViewController.swift */; };
		E0B26DF927FC80190071C68A /* TextFieldCustom.swift in Sources */ = {isa = PBXBuildFile; fileRef = E0B26DF827FC80190071C68A /* TextFieldCustom.swift */; };
		E0B26DFC27FC896F0071C68A /* TaskModel.swift in Sources */ = {isa = PBXBuildFile; fileRef = E0B26DFB27FC896F0071C68A /* TaskModel.swift */; };
		E0B26DFF27FC8BD00071C68A /* HomeViewModel.swift in Sources */ = {isa = PBXBuildFile; fileRef = E0B26DFE27FC8BD00071C68A /* HomeViewModel.swift */; };
		E0D7BEDA27F75A4600B31AF3 /* TaskCollectionViewCell.swift in Sources */ = {isa = PBXBuildFile; fileRef = E0D7BED927F75A4600B31AF3 /* TaskCollectionViewCell.swift */; };
/* End PBXBuildFile section */

/* Begin PBXFileReference section */
		E049561D27FB19FF00EBA7BC /* SeeTaskViewController.swift */ = {isa = PBXFileReference; lastKnownFileType = sourcecode.swift; path = SeeTaskViewController.swift; sourceTree = "<group>"; };
		E049562027FB2D4600EBA7BC /* SubTaskCollectionViewCell.swift */ = {isa = PBXFileReference; lastKnownFileType = sourcecode.swift; path = SubTaskCollectionViewCell.swift; sourceTree = "<group>"; };
		E04A74DA27F73B9C00CEF9C6 /* TaskList.app */ = {isa = PBXFileReference; explicitFileType = wrapper.application; includeInIndex = 0; path = TaskList.app; sourceTree = BUILT_PRODUCTS_DIR; };
		E04A74DD27F73B9C00CEF9C6 /* AppDelegate.swift */ = {isa = PBXFileReference; lastKnownFileType = sourcecode.swift; path = AppDelegate.swift; sourceTree = "<group>"; };
		E04A74DF27F73B9C00CEF9C6 /* SceneDelegate.swift */ = {isa = PBXFileReference; lastKnownFileType = sourcecode.swift; path = SceneDelegate.swift; sourceTree = "<group>"; };
		E04A74E127F73B9C00CEF9C6 /* ViewController.swift */ = {isa = PBXFileReference; lastKnownFileType = sourcecode.swift; path = ViewController.swift; sourceTree = "<group>"; };
		E04A74E427F73B9C00CEF9C6 /* Base */ = {isa = PBXFileReference; lastKnownFileType = file.storyboard; name = Base; path = Base.lproj/Main.storyboard; sourceTree = "<group>"; };
		E04A74E627F73BAE00CEF9C6 /* Assets.xcassets */ = {isa = PBXFileReference; lastKnownFileType = folder.assetcatalog; path = Assets.xcassets; sourceTree = "<group>"; };
		E04A74E927F73BAE00CEF9C6 /* Base */ = {isa = PBXFileReference; lastKnownFileType = file.storyboard; name = Base; path = Base.lproj/LaunchScreen.storyboard; sourceTree = "<group>"; };
		E04A74EB27F73BAE00CEF9C6 /* Info.plist */ = {isa = PBXFileReference; lastKnownFileType = text.plist.xml; path = Info.plist; sourceTree = "<group>"; };
		E04A74F427F73CA600CEF9C6 /* HomeViewController.swift */ = {isa = PBXFileReference; lastKnownFileType = sourcecode.swift; path = HomeViewController.swift; sourceTree = "<group>"; };
		E04A74F727F7409C00CEF9C6 /* NavigationController.swift */ = {isa = PBXFileReference; lastKnownFileType = sourcecode.swift; path = NavigationController.swift; sourceTree = "<group>"; };
		E0AC6D0527FC6D4500AC6764 /* ModalAddTaskViewController.swift */ = {isa = PBXFileReference; lastKnownFileType = sourcecode.swift; path = ModalAddTaskViewController.swift; sourceTree = "<group>"; };
		E0B26DF827FC80190071C68A /* TextFieldCustom.swift */ = {isa = PBXFileReference; lastKnownFileType = sourcecode.swift; path = TextFieldCustom.swift; sourceTree = "<group>"; };
		E0B26DFB27FC896F0071C68A /* TaskModel.swift */ = {isa = PBXFileReference; lastKnownFileType = sourcecode.swift; path = TaskModel.swift; sourceTree = "<group>"; };
		E0B26DFE27FC8BD00071C68A /* HomeViewModel.swift */ = {isa = PBXFileReference; lastKnownFileType = sourcecode.swift; path = HomeViewModel.swift; sourceTree = "<group>"; };
		E0D7BED927F75A4600B31AF3 /* TaskCollectionViewCell.swift */ = {isa = PBXFileReference; lastKnownFileType = sourcecode.swift; path = TaskCollectionViewCell.swift; sourceTree = "<group>"; };
/* End PBXFileReference section */

/* Begin PBXFrameworksBuildPhase section */
		E04A74D727F73B9C00CEF9C6 /* Frameworks */ = {
			isa = PBXFrameworksBuildPhase;
			buildActionMask = 2147483647;
			files = (
			);
			runOnlyForDeploymentPostprocessing = 0;
		};
/* End PBXFrameworksBuildPhase section */

/* Begin PBXGroup section */
		E049561B27FB19C600EBA7BC /* SeeTask */ = {
			isa = PBXGroup;
			children = (
				E049561C27FB19DF00EBA7BC /* View */,
			);
			path = SeeTask;
			sourceTree = "<group>";
		};
		E049561C27FB19DF00EBA7BC /* View */ = {
			isa = PBXGroup;
			children = (
				E049561F27FB2D2800EBA7BC /* Cell */,
				E049561D27FB19FF00EBA7BC /* SeeTaskViewController.swift */,
			);
			path = View;
			sourceTree = "<group>";
		};
		E049561F27FB2D2800EBA7BC /* Cell */ = {
			isa = PBXGroup;
			children = (
				E049562027FB2D4600EBA7BC /* SubTaskCollectionViewCell.swift */,
			);
			path = Cell;
			sourceTree = "<group>";
		};
		E04A74D127F73B9C00CEF9C6 = {
			isa = PBXGroup;
			children = (
				E04A74DC27F73B9C00CEF9C6 /* TaskList */,
				E04A74DB27F73B9C00CEF9C6 /* Products */,
			);
			sourceTree = "<group>";
		};
		E04A74DB27F73B9C00CEF9C6 /* Products */ = {
			isa = PBXGroup;
			children = (
				E04A74DA27F73B9C00CEF9C6 /* TaskList.app */,
			);
			name = Products;
			sourceTree = "<group>";
		};
		E04A74DC27F73B9C00CEF9C6 /* TaskList */ = {
			isa = PBXGroup;
			children = (
				E0B26DFA27FC89610071C68A /* Model */,
				E0B26DF727FC7FAE0071C68A /* Common */,
				E04A74F127F73C5600CEF9C6 /* Presentation */,
				E04A74DD27F73B9C00CEF9C6 /* AppDelegate.swift */,
				E04A74DF27F73B9C00CEF9C6 /* SceneDelegate.swift */,
				E04A74E127F73B9C00CEF9C6 /* ViewController.swift */,
				E04A74E327F73B9C00CEF9C6 /* Main.storyboard */,
				E04A74E627F73BAE00CEF9C6 /* Assets.xcassets */,
				E04A74E827F73BAE00CEF9C6 /* LaunchScreen.storyboard */,
				E04A74EB27F73BAE00CEF9C6 /* Info.plist */,
			);
			path = TaskList;
			sourceTree = "<group>";
		};
		E04A74F127F73C5600CEF9C6 /* Presentation */ = {
			isa = PBXGroup;
			children = (
				E0AC6D0327FC6D1600AC6764 /* ModalAddTask */,
				E049561B27FB19C600EBA7BC /* SeeTask */,
				E04A74F627F7408C00CEF9C6 /* Navigation */,
				E04A74F227F73C8B00CEF9C6 /* Home */,
			);
			path = Presentation;
			sourceTree = "<group>";
		};
		E04A74F227F73C8B00CEF9C6 /* Home */ = {
			isa = PBXGroup;
			children = (
				E0B26DFD27FC8BBA0071C68A /* ViewModel */,
				E04A74F327F73C9100CEF9C6 /* View */,
			);
			path = Home;
			sourceTree = "<group>";
		};
		E04A74F327F73C9100CEF9C6 /* View */ = {
			isa = PBXGroup;
			children = (
				E0D7BED727F759FC00B31AF3 /* Cell */,
				E04A74F427F73CA600CEF9C6 /* HomeViewController.swift */,
			);
			path = View;
			sourceTree = "<group>";
		};
		E04A74F627F7408C00CEF9C6 /* Navigation */ = {
			isa = PBXGroup;
			children = (
				E04A74F727F7409C00CEF9C6 /* NavigationController.swift */,
			);
			path = Navigation;
			sourceTree = "<group>";
		};
		E0AC6D0327FC6D1600AC6764 /* ModalAddTask */ = {
			isa = PBXGroup;
			children = (
				E0AC6D0427FC6D2200AC6764 /* View */,
			);
			path = ModalAddTask;
			sourceTree = "<group>";
		};
		E0AC6D0427FC6D2200AC6764 /* View */ = {
			isa = PBXGroup;
			children = (
				E0AC6D0527FC6D4500AC6764 /* ModalAddTaskViewController.swift */,
			);
			path = View;
			sourceTree = "<group>";
		};
		E0B26DF727FC7FAE0071C68A /* Common */ = {
			isa = PBXGroup;
			children = (
				E0B26DF827FC80190071C68A /* TextFieldCustom.swift */,
			);
			path = Common;
			sourceTree = "<group>";
		};
		E0B26DFA27FC89610071C68A /* Model */ = {
			isa = PBXGroup;
			children = (
				E0B26DFB27FC896F0071C68A /* TaskModel.swift */,
			);
			path = Model;
			sourceTree = "<group>";
		};
		E0B26DFD27FC8BBA0071C68A /* ViewModel */ = {
			isa = PBXGroup;
			children = (
				E0B26DFE27FC8BD00071C68A /* HomeViewModel.swift */,
			);
			path = ViewModel;
			sourceTree = "<group>";
		};
		E0D7BED727F759FC00B31AF3 /* Cell */ = {
			isa = PBXGroup;
			children = (
				E0D7BED927F75A4600B31AF3 /* TaskCollectionViewCell.swift */,
			);
			path = Cell;
			sourceTree = "<group>";
		};
/* End PBXGroup section */

/* Begin PBXNativeTarget section */
		E04A74D927F73B9C00CEF9C6 /* TaskList */ = {
			isa = PBXNativeTarget;
			buildConfigurationList = E04A74EE27F73BAE00CEF9C6 /* Build configuration list for PBXNativeTarget "TaskList" */;
			buildPhases = (
				E04A74D627F73B9C00CEF9C6 /* Sources */,
				E04A74D727F73B9C00CEF9C6 /* Frameworks */,
				E04A74D827F73B9C00CEF9C6 /* Resources */,
			);
			buildRules = (
			);
			dependencies = (
			);
			name = TaskList;
			productName = TaskList;
			productReference = E04A74DA27F73B9C00CEF9C6 /* TaskList.app */;
			productType = "com.apple.product-type.application";
		};
/* End PBXNativeTarget section */

/* Begin PBXProject section */
		E04A74D227F73B9C00CEF9C6 /* Project object */ = {
			isa = PBXProject;
			attributes = {
				BuildIndependentTargetsInParallel = 1;
				LastSwiftUpdateCheck = 1330;
				LastUpgradeCheck = 1330;
				TargetAttributes = {
					E04A74D927F73B9C00CEF9C6 = {
						CreatedOnToolsVersion = 13.3;
					};
				};
			};
			buildConfigurationList = E04A74D527F73B9C00CEF9C6 /* Build configuration list for PBXProject "TaskList" */;
			compatibilityVersion = "Xcode 13.0";
			developmentRegion = en;
			hasScannedForEncodings = 0;
			knownRegions = (
				en,
				Base,
			);
			mainGroup = E04A74D127F73B9C00CEF9C6;
			productRefGroup = E04A74DB27F73B9C00CEF9C6 /* Products */;
			projectDirPath = "";
			projectRoot = "";
			targets = (
				E04A74D927F73B9C00CEF9C6 /* TaskList */,
			);
		};
/* End PBXProject section */

/* Begin PBXResourcesBuildPhase section */
		E04A74D827F73B9C00CEF9C6 /* Resources */ = {
			isa = PBXResourcesBuildPhase;
			buildActionMask = 2147483647;
			files = (
				E04A74EA27F73BAE00CEF9C6 /* LaunchScreen.storyboard in Resources */,
				E04A74E727F73BAE00CEF9C6 /* Assets.xcassets in Resources */,
				E04A74E527F73B9C00CEF9C6 /* Main.storyboard in Resources */,
			);
			runOnlyForDeploymentPostprocessing = 0;
		};
/* End PBXResourcesBuildPhase section */

/* Begin PBXSourcesBuildPhase section */
		E04A74D627F73B9C00CEF9C6 /* Sources */ = {
			isa = PBXSourcesBuildPhase;
			buildActionMask = 2147483647;
			files = (
				E04A74E227F73B9C00CEF9C6 /* ViewController.swift in Sources */,
				E04A74DE27F73B9C00CEF9C6 /* AppDelegate.swift in Sources */,
				E04A74F827F7409C00CEF9C6 /* NavigationController.swift in Sources */,
				E0D7BEDA27F75A4600B31AF3 /* TaskCollectionViewCell.swift in Sources */,
				E0B26DFC27FC896F0071C68A /* TaskModel.swift in Sources */,
				E049561E27FB19FF00EBA7BC /* SeeTaskViewController.swift in Sources */,
				E04A74E027F73B9C00CEF9C6 /* SceneDelegate.swift in Sources */,
				E0B26DFF27FC8BD00071C68A /* HomeViewModel.swift in Sources */,
				E049562127FB2D4600EBA7BC /* SubTaskCollectionViewCell.swift in Sources */,
				E0AC6D0627FC6D4500AC6764 /* ModalAddTaskViewController.swift in Sources */,
				E0B26DF927FC80190071C68A /* TextFieldCustom.swift in Sources */,
				E04A74F527F73CA600CEF9C6 /* HomeViewController.swift in Sources */,
			);
			runOnlyForDeploymentPostprocessing = 0;
		};
/* End PBXSourcesBuildPhase section */

/* Begin PBXVariantGroup section */
		E04A74E327F73B9C00CEF9C6 /* Main.storyboard */ = {
			isa = PBXVariantGroup;
			children = (
				E04A74E427F73B9C00CEF9C6 /* Base */,
			);
			name = Main.storyboard;
			sourceTree = "<group>";
		};
		E04A74E827F73BAE00CEF9C6 /* LaunchScreen.storyboard */ = {
			isa = PBXVariantGroup;
			children = (
				E04A74E927F73BAE00CEF9C6 /* Base */,
			);
			name = LaunchScreen.storyboard;
			sourceTree = "<group>";
		};
/* End PBXVariantGroup section */

/* Begin XCBuildConfiguration section */
		E04A74EC27F73BAE00CEF9C6 /* Debug */ = {
			isa = XCBuildConfiguration;
			buildSettings = {
				ALWAYS_SEARCH_USER_PATHS = NO;
				CLANG_ANALYZER_NONNULL = YES;
				CLANG_ANALYZER_NUMBER_OBJECT_CONVERSION = YES_AGGRESSIVE;
				CLANG_CXX_LANGUAGE_STANDARD = "gnu++17";
				CLANG_ENABLE_MODULES = YES;
				CLANG_ENABLE_OBJC_ARC = YES;
				CLANG_ENABLE_OBJC_WEAK = YES;
				CLANG_WARN_BLOCK_CAPTURE_AUTORELEASING = YES;
				CLANG_WARN_BOOL_CONVERSION = YES;
				CLANG_WARN_COMMA = YES;
				CLANG_WARN_CONSTANT_CONVERSION = YES;
				CLANG_WARN_DEPRECATED_OBJC_IMPLEMENTATIONS = YES;
				CLANG_WARN_DIRECT_OBJC_ISA_USAGE = YES_ERROR;
				CLANG_WARN_DOCUMENTATION_COMMENTS = YES;
				CLANG_WARN_EMPTY_BODY = YES;
				CLANG_WARN_ENUM_CONVERSION = YES;
				CLANG_WARN_INFINITE_RECURSION = YES;
				CLANG_WARN_INT_CONVERSION = YES;
				CLANG_WARN_NON_LITERAL_NULL_CONVERSION = YES;
				CLANG_WARN_OBJC_IMPLICIT_RETAIN_SELF = YES;
				CLANG_WARN_OBJC_LITERAL_CONVERSION = YES;
				CLANG_WARN_OBJC_ROOT_CLASS = YES_ERROR;
				CLANG_WARN_QUOTED_INCLUDE_IN_FRAMEWORK_HEADER = YES;
				CLANG_WARN_RANGE_LOOP_ANALYSIS = YES;
				CLANG_WARN_STRICT_PROTOTYPES = YES;
				CLANG_WARN_SUSPICIOUS_MOVE = YES;
				CLANG_WARN_UNGUARDED_AVAILABILITY = YES_AGGRESSIVE;
				CLANG_WARN_UNREACHABLE_CODE = YES;
				CLANG_WARN__DUPLICATE_METHOD_MATCH = YES;
				COPY_PHASE_STRIP = NO;
				DEBUG_INFORMATION_FORMAT = dwarf;
				ENABLE_STRICT_OBJC_MSGSEND = YES;
				ENABLE_TESTABILITY = YES;
				GCC_C_LANGUAGE_STANDARD = gnu11;
				GCC_DYNAMIC_NO_PIC = NO;
				GCC_NO_COMMON_BLOCKS = YES;
				GCC_OPTIMIZATION_LEVEL = 0;
				GCC_PREPROCESSOR_DEFINITIONS = (
					"DEBUG=1",
					"$(inherited)",
				);
				GCC_WARN_64_TO_32_BIT_CONVERSION = YES;
				GCC_WARN_ABOUT_RETURN_TYPE = YES_ERROR;
				GCC_WARN_UNDECLARED_SELECTOR = YES;
				GCC_WARN_UNINITIALIZED_AUTOS = YES_AGGRESSIVE;
				GCC_WARN_UNUSED_FUNCTION = YES;
				GCC_WARN_UNUSED_VARIABLE = YES;
				IPHONEOS_DEPLOYMENT_TARGET = 15.4;
				MTL_ENABLE_DEBUG_INFO = INCLUDE_SOURCE;
				MTL_FAST_MATH = YES;
				ONLY_ACTIVE_ARCH = YES;
				SDKROOT = iphoneos;
				SWIFT_ACTIVE_COMPILATION_CONDITIONS = DEBUG;
				SWIFT_OPTIMIZATION_LEVEL = "-Onone";
			};
			name = Debug;
		};
		E04A74ED27F73BAE00CEF9C6 /* Release */ = {
			isa = XCBuildConfiguration;
			buildSettings = {
				ALWAYS_SEARCH_USER_PATHS = NO;
				CLANG_ANALYZER_NONNULL = YES;
				CLANG_ANALYZER_NUMBER_OBJECT_CONVERSION = YES_AGGRESSIVE;
				CLANG_CXX_LANGUAGE_STANDARD = "gnu++17";
				CLANG_ENABLE_MODULES = YES;
				CLANG_ENABLE_OBJC_ARC = YES;
				CLANG_ENABLE_OBJC_WEAK = YES;
				CLANG_WARN_BLOCK_CAPTURE_AUTORELEASING = YES;
				CLANG_WARN_BOOL_CONVERSION = YES;
				CLANG_WARN_COMMA = YES;
				CLANG_WARN_CONSTANT_CONVERSION = YES;
				CLANG_WARN_DEPRECATED_OBJC_IMPLEMENTATIONS = YES;
				CLANG_WARN_DIRECT_OBJC_ISA_USAGE = YES_ERROR;
				CLANG_WARN_DOCUMENTATION_COMMENTS = YES;
				CLANG_WARN_EMPTY_BODY = YES;
				CLANG_WARN_ENUM_CONVERSION = YES;
				CLANG_WARN_INFINITE_RECURSION = YES;
				CLANG_WARN_INT_CONVERSION = YES;
				CLANG_WARN_NON_LITERAL_NULL_CONVERSION = YES;
				CLANG_WARN_OBJC_IMPLICIT_RETAIN_SELF = YES;
				CLANG_WARN_OBJC_LITERAL_CONVERSION = YES;
				CLANG_WARN_OBJC_ROOT_CLASS = YES_ERROR;
				CLANG_WARN_QUOTED_INCLUDE_IN_FRAMEWORK_HEADER = YES;
				CLANG_WARN_RANGE_LOOP_ANALYSIS = YES;
				CLANG_WARN_STRICT_PROTOTYPES = YES;
				CLANG_WARN_SUSPICIOUS_MOVE = YES;
				CLANG_WARN_UNGUARDED_AVAILABILITY = YES_AGGRESSIVE;
				CLANG_WARN_UNREACHABLE_CODE = YES;
				CLANG_WARN__DUPLICATE_METHOD_MATCH = YES;
				COPY_PHASE_STRIP = NO;
				DEBUG_INFORMATION_FORMAT = "dwarf-with-dsym";
				ENABLE_NS_ASSERTIONS = NO;
				ENABLE_STRICT_OBJC_MSGSEND = YES;
				GCC_C_LANGUAGE_STANDARD = gnu11;
				GCC_NO_COMMON_BLOCKS = YES;
				GCC_WARN_64_TO_32_BIT_CONVERSION = YES;
				GCC_WARN_ABOUT_RETURN_TYPE = YES_ERROR;
				GCC_WARN_UNDECLARED_SELECTOR = YES;
				GCC_WARN_UNINITIALIZED_AUTOS = YES_AGGRESSIVE;
				GCC_WARN_UNUSED_FUNCTION = YES;
				GCC_WARN_UNUSED_VARIABLE = YES;
				IPHONEOS_DEPLOYMENT_TARGET = 15.4;
				MTL_ENABLE_DEBUG_INFO = NO;
				MTL_FAST_MATH = YES;
				SDKROOT = iphoneos;
				SWIFT_COMPILATION_MODE = wholemodule;
				SWIFT_OPTIMIZATION_LEVEL = "-O";
				VALIDATE_PRODUCT = YES;
			};
			name = Release;
		};
		E04A74EF27F73BAE00CEF9C6 /* Debug */ = {
			isa = XCBuildConfiguration;
			buildSettings = {
				ASSETCATALOG_COMPILER_APPICON_NAME = AppIcon;
				ASSETCATALOG_COMPILER_GLOBAL_ACCENT_COLOR_NAME = AccentColor;
				CODE_SIGN_STYLE = Automatic;
				CURRENT_PROJECT_VERSION = 1;
				GENERATE_INFOPLIST_FILE = YES;
				INFOPLIST_FILE = TaskList/Info.plist;
				INFOPLIST_KEY_UIApplicationSupportsIndirectInputEvents = YES;
				INFOPLIST_KEY_UILaunchStoryboardName = LaunchScreen;
				INFOPLIST_KEY_UIMainStoryboardFile = Main;
				INFOPLIST_KEY_UISupportedInterfaceOrientations = UIInterfaceOrientationPortrait;
				INFOPLIST_KEY_UISupportedInterfaceOrientations_iPad = "UIInterfaceOrientationPortrait UIInterfaceOrientationPortraitUpsideDown UIInterfaceOrientationLandscapeLeft UIInterfaceOrientationLandscapeRight";
				INFOPLIST_KEY_UISupportedInterfaceOrientations_iPhone = "UIInterfaceOrientationPortrait UIInterfaceOrientationLandscapeLeft UIInterfaceOrientationLandscapeRight";
				LD_RUNPATH_SEARCH_PATHS = (
					"$(inherited)",
					"@executable_path/Frameworks",
				);
				MARKETING_VERSION = 1.0;
				PRODUCT_BUNDLE_IDENTIFIER = com.james.TaskList;
				PRODUCT_NAME = "$(TARGET_NAME)";
				SWIFT_EMIT_LOC_STRINGS = YES;
				SWIFT_VERSION = 5.0;
				TARGETED_DEVICE_FAMILY = 1;
			};
			name = Debug;
		};
		E04A74F027F73BAE00CEF9C6 /* Release */ = {
			isa = XCBuildConfiguration;
			buildSettings = {
				ASSETCATALOG_COMPILER_APPICON_NAME = AppIcon;
				ASSETCATALOG_COMPILER_GLOBAL_ACCENT_COLOR_NAME = AccentColor;
				CODE_SIGN_STYLE = Automatic;
				CURRENT_PROJECT_VERSION = 1;
				GENERATE_INFOPLIST_FILE = YES;
				INFOPLIST_FILE = TaskList/Info.plist;
				INFOPLIST_KEY_UIApplicationSupportsIndirectInputEvents = YES;
				INFOPLIST_KEY_UILaunchStoryboardName = LaunchScreen;
				INFOPLIST_KEY_UIMainStoryboardFile = Main;
				INFOPLIST_KEY_UISupportedInterfaceOrientations = UIInterfaceOrientationPortrait;
				INFOPLIST_KEY_UISupportedInterfaceOrientations_iPad = "UIInterfaceOrientationPortrait UIInterfaceOrientationPortraitUpsideDown UIInterfaceOrientationLandscapeLeft UIInterfaceOrientationLandscapeRight";
				INFOPLIST_KEY_UISupportedInterfaceOrientations_iPhone = "UIInterfaceOrientationPortrait UIInterfaceOrientationLandscapeLeft UIInterfaceOrientationLandscapeRight";
				LD_RUNPATH_SEARCH_PATHS = (
					"$(inherited)",
					"@executable_path/Frameworks",
				);
				MARKETING_VERSION = 1.0;
				PRODUCT_BUNDLE_IDENTIFIER = com.james.TaskList;
				PRODUCT_NAME = "$(TARGET_NAME)";
				SWIFT_EMIT_LOC_STRINGS = YES;
				SWIFT_VERSION = 5.0;
				TARGETED_DEVICE_FAMILY = 1;
			};
			name = Release;
		};
/* End XCBuildConfiguration section */

/* Begin XCConfigurationList section */
		E04A74D527F73B9C00CEF9C6 /* Build configuration list for PBXProject "TaskList" */ = {
			isa = XCConfigurationList;
			buildConfigurations = (
				E04A74EC27F73BAE00CEF9C6 /* Debug */,
				E04A74ED27F73BAE00CEF9C6 /* Release */,
			);
			defaultConfigurationIsVisible = 0;
			defaultConfigurationName = Release;
		};
		E04A74EE27F73BAE00CEF9C6 /* Build configuration list for PBXNativeTarget "TaskList" */ = {
			isa = XCConfigurationList;
			buildConfigurations = (
				E04A74EF27F73BAE00CEF9C6 /* Debug */,
				E04A74F027F73BAE00CEF9C6 /* Release */,
			);
			defaultConfigurationIsVisible = 0;
			defaultConfigurationName = Release;
		};
/* End XCConfigurationList section */
	};
	rootObject = E04A74D227F73B9C00CEF9C6 /* Project object */;
}
